// !$*UTF8*$!
{
	archiveVersion = 1;
	classes = {
	};
	objectVersion = 55;
	objects = {

/* Begin PBXBuildFile section */
		0116AC2628855A0000840F81 /* RingView.swift in Sources */ = {isa = PBXBuildFile; fileRef = 0116AC2528855A0000840F81 /* RingView.swift */; };
		0116AC2C2885BB5500840F81 /* backpack.mp3 in Resources */ = {isa = PBXBuildFile; fileRef = 01B9724A28729920007F1521 /* backpack.mp3 */; };
		0116AC2E2885BB5700840F81 /* backpack.mp3 in Resources */ = {isa = PBXBuildFile; fileRef = 01B9724A28729920007F1521 /* backpack.mp3 */; };
		0116AC312886E25E00840F81 /* MainViewModel.swift in Sources */ = {isa = PBXBuildFile; fileRef = 0116AC302886E25E00840F81 /* MainViewModel.swift */; };
		0116AC332886ED1C00840F81 /* HapticsView.swift in Sources */ = {isa = PBXBuildFile; fileRef = 0116AC322886ED1C00840F81 /* HapticsView.swift */; };
		011EA9B22864CC550078D4CD /* ObjectRecogViewController.xib in Resources */ = {isa = PBXBuildFile; fileRef = 011EA9B12864CC550078D4CD /* ObjectRecogViewController.xib */; };
		011EA9B42864E4750078D4CD /* AppUtility.swift in Sources */ = {isa = PBXBuildFile; fileRef = 011EA9B32864E4750078D4CD /* AppUtility.swift */; };
		011EA9B7286562580078D4CD /* OnBoardingViewController.xib in Resources */ = {isa = PBXBuildFile; fileRef = 011EA9B6286562580078D4CD /* OnBoardingViewController.xib */; };
		011EA9BB286564030078D4CD /* OnBoardingPageViewController.swift in Sources */ = {isa = PBXBuildFile; fileRef = 011EA9BA286564030078D4CD /* OnBoardingPageViewController.swift */; };
		011EA9BD286564210078D4CD /* OnBoardingContentViewController.swift in Sources */ = {isa = PBXBuildFile; fileRef = 011EA9BC286564210078D4CD /* OnBoardingContentViewController.swift */; };
		011EA9BF286564410078D4CD /* OnBoardingViewController.swift in Sources */ = {isa = PBXBuildFile; fileRef = 011EA9BE286564410078D4CD /* OnBoardingViewController.swift */; };
		011EA9C32865651C0078D4CD /* Haptics.swift in Sources */ = {isa = PBXBuildFile; fileRef = 011EA9C22865651C0078D4CD /* Haptics.swift */; };
		011EA9C52865653F0078D4CD /* Constans.swift in Sources */ = {isa = PBXBuildFile; fileRef = 011EA9C42865653F0078D4CD /* Constans.swift */; };
		011EA9C828656B870078D4CD /* OnBoardingPageViewController.xib in Resources */ = {isa = PBXBuildFile; fileRef = 011EA9C728656B870078D4CD /* OnBoardingPageViewController.xib */; };
		011EA9CA28656BD90078D4CD /* OnBoardingContentViewController.xib in Resources */ = {isa = PBXBuildFile; fileRef = 011EA9C928656BD90078D4CD /* OnBoardingContentViewController.xib */; };
		011EA9DA286704350078D4CD /* TabExploreViewController.swift in Sources */ = {isa = PBXBuildFile; fileRef = 011EA9D8286704350078D4CD /* TabExploreViewController.swift */; };
		011EA9DB286704350078D4CD /* TabExploreViewController.xib in Resources */ = {isa = PBXBuildFile; fileRef = 011EA9D9286704350078D4CD /* TabExploreViewController.xib */; };
		011EA9E4286705890078D4CD /* TabBarViewController.swift in Sources */ = {isa = PBXBuildFile; fileRef = 011EA9E2286705890078D4CD /* TabBarViewController.swift */; };
		011EA9E5286705890078D4CD /* TabBarViewController.xib in Resources */ = {isa = PBXBuildFile; fileRef = 011EA9E3286705890078D4CD /* TabBarViewController.xib */; };
		011EA9ED28671D160078D4CD /* ObjectTableViewCell.swift in Sources */ = {isa = PBXBuildFile; fileRef = 011EA9EB28671D160078D4CD /* ObjectTableViewCell.swift */; };
		011EA9EE28671D160078D4CD /* ObjectTableViewCell.xib in Resources */ = {isa = PBXBuildFile; fileRef = 011EA9EC28671D160078D4CD /* ObjectTableViewCell.xib */; };
		011EA9F0286843B00078D4CD /* Missions.swift in Sources */ = {isa = PBXBuildFile; fileRef = 011EA9EF286843B00078D4CD /* Missions.swift */; };
		011EA9FC286C4DBD0078D4CD /* MissionTableViewCell.swift in Sources */ = {isa = PBXBuildFile; fileRef = 011EA9FA286C4DBD0078D4CD /* MissionTableViewCell.swift */; };
		011EA9FD286C4DBD0078D4CD /* MissionTableViewCell.xib in Resources */ = {isa = PBXBuildFile; fileRef = 011EA9FB286C4DBD0078D4CD /* MissionTableViewCell.xib */; };
		011EAA01286D9D100078D4CD /* View.swift in Sources */ = {isa = PBXBuildFile; fileRef = 011EAA00286D9D100078D4CD /* View.swift */; };
		011EAA03286DC7F10078D4CD /* Logger.swift in Sources */ = {isa = PBXBuildFile; fileRef = 011EAA02286DC7F10078D4CD /* Logger.swift */; };
		0124C7D62862FC9E001A4D58 /* YOLOv3Tiny.mlmodel in Sources */ = {isa = PBXBuildFile; fileRef = 0124C7D52862FC9E001A4D58 /* YOLOv3Tiny.mlmodel */; };
		0124C7DB286422C9001A4D58 /* ObjectRecogViewController.swift in Sources */ = {isa = PBXBuildFile; fileRef = 0124C7D9286422C9001A4D58 /* ObjectRecogViewController.swift */; };
		0124C7DF28643427001A4D58 /* DrawingBoundingBoxView.swift in Sources */ = {isa = PBXBuildFile; fileRef = 0124C7DE28643427001A4D58 /* DrawingBoundingBoxView.swift */; };
		0124C7E12864355E001A4D58 /* ViewCapture.swift in Sources */ = {isa = PBXBuildFile; fileRef = 0124C7E02864355E001A4D58 /* ViewCapture.swift */; };
		0124C7E3286435C0001A4D58 /* Measure.swift in Sources */ = {isa = PBXBuildFile; fileRef = 0124C7E2286435C0001A4D58 /* Measure.swift */; };
		013458B12871ACC100BCAAE6 /* ConfettiView.swift in Sources */ = {isa = PBXBuildFile; fileRef = 013458B02871ACC100BCAAE6 /* ConfettiView.swift */; };
		013458B52871AE5300BCAAE6 /* FinishViewController.swift in Sources */ = {isa = PBXBuildFile; fileRef = 013458B32871AE5300BCAAE6 /* FinishViewController.swift */; };
		013458B62871AE5300BCAAE6 /* FinishViewController.xib in Resources */ = {isa = PBXBuildFile; fileRef = 013458B42871AE5300BCAAE6 /* FinishViewController.xib */; };
		01554D3428617159008AEA27 /* AppDelegate.swift in Sources */ = {isa = PBXBuildFile; fileRef = 01554D3328617159008AEA27 /* AppDelegate.swift */; };
		01554D3D2861715A008AEA27 /* Assets.xcassets in Resources */ = {isa = PBXBuildFile; fileRef = 01554D3C2861715A008AEA27 /* Assets.xcassets */; };
		01554D402861715A008AEA27 /* LaunchScreen.storyboard in Resources */ = {isa = PBXBuildFile; fileRef = 01554D3E2861715A008AEA27 /* LaunchScreen.storyboard */; };
		0157CA642887A7BA0008B287 /* TimerEngine.swift in Sources */ = {isa = PBXBuildFile; fileRef = 0157CA632887A7BA0008B287 /* TimerEngine.swift */; };
		0157CA66288854100008B287 /* ObjectRecogViewModel.swift in Sources */ = {isa = PBXBuildFile; fileRef = 0157CA65288854100008B287 /* ObjectRecogViewModel.swift */; };
		0186D0FC287FC2BF006540C1 /* Assets.xcassets in Resources */ = {isa = PBXBuildFile; fileRef = 0186D0FB287FC2BF006540C1 /* Assets.xcassets */; };
		0186D102287FC2BF006540C1 /* ExploreCareW WatchKit Extension.appex in Embed App Extensions */ = {isa = PBXBuildFile; fileRef = 0186D101287FC2BF006540C1 /* ExploreCareW WatchKit Extension.appex */; settings = {ATTRIBUTES = (RemoveHeadersOnCopy, ); }; };
		0186D107287FC2BF006540C1 /* learnEnglishApp.swift in Sources */ = {isa = PBXBuildFile; fileRef = 0186D106287FC2BF006540C1 /* learnEnglishApp.swift */; };
		0186D109287FC2BF006540C1 /* MainView.swift in Sources */ = {isa = PBXBuildFile; fileRef = 0186D108287FC2BF006540C1 /* MainView.swift */; };
		0186D10B287FC2BF006540C1 /* NotificationController.swift in Sources */ = {isa = PBXBuildFile; fileRef = 0186D10A287FC2BF006540C1 /* NotificationController.swift */; };
		0186D10D287FC2BF006540C1 /* NotificationView.swift in Sources */ = {isa = PBXBuildFile; fileRef = 0186D10C287FC2BF006540C1 /* NotificationView.swift */; };
		0186D10F287FC2BF006540C1 /* ComplicationController.swift in Sources */ = {isa = PBXBuildFile; fileRef = 0186D10E287FC2BF006540C1 /* ComplicationController.swift */; };
		0186D111287FC2C0006540C1 /* Assets.xcassets in Resources */ = {isa = PBXBuildFile; fileRef = 0186D110287FC2C0006540C1 /* Assets.xcassets */; };
		0186D114287FC2C0006540C1 /* Preview Assets.xcassets in Resources */ = {isa = PBXBuildFile; fileRef = 0186D113287FC2C0006540C1 /* Preview Assets.xcassets */; };
		0186D119287FC2C0006540C1 /* ExploreCare.app in Embed Watch Content */ = {isa = PBXBuildFile; fileRef = 0186D0F9287FC2BE006540C1 /* ExploreCare.app */; settings = {ATTRIBUTES = (RemoveHeadersOnCopy, ); }; };
		01B972482872851A007F1521 /* correct.aiff in Resources */ = {isa = PBXBuildFile; fileRef = 01B972472872851A007F1521 /* correct.aiff */; };
		01B9724F28729921007F1521 /* cup.mp3 in Resources */ = {isa = PBXBuildFile; fileRef = 01B9724928729920007F1521 /* cup.mp3 */; };
		01B9725028729921007F1521 /* backpack.mp3 in Resources */ = {isa = PBXBuildFile; fileRef = 01B9724A28729920007F1521 /* backpack.mp3 */; };
		01B9725128729921007F1521 /* book.mp3 in Resources */ = {isa = PBXBuildFile; fileRef = 01B9724B28729920007F1521 /* book.mp3 */; };
		01B9725228729921007F1521 /* clock.mp3 in Resources */ = {isa = PBXBuildFile; fileRef = 01B9724C28729921007F1521 /* clock.mp3 */; };
		01B9725328729921007F1521 /* laptop.mp3 in Resources */ = {isa = PBXBuildFile; fileRef = 01B9724D28729921007F1521 /* laptop.mp3 */; };
		01B9725428729921007F1521 /* tv.mp3 in Resources */ = {isa = PBXBuildFile; fileRef = 01B9724E28729921007F1521 /* tv.mp3 */; };
		01B972582872B25E007F1521 /* CustomAllertViewController.swift in Sources */ = {isa = PBXBuildFile; fileRef = 01B972562872B25E007F1521 /* CustomAllertViewController.swift */; };
		01B972592872B25E007F1521 /* CustomAllertViewController.xib in Resources */ = {isa = PBXBuildFile; fileRef = 01B972572872B25E007F1521 /* CustomAllertViewController.xib */; };
		01B9725C2873428E007F1521 /* TabReviewView.swift in Sources */ = {isa = PBXBuildFile; fileRef = 01B9725B2873428E007F1521 /* TabReviewView.swift */; };
/* End PBXBuildFile section */

/* Begin PBXContainerItemProxy section */
		0186D103287FC2BF006540C1 /* PBXContainerItemProxy */ = {
			isa = PBXContainerItemProxy;
			containerPortal = 01554D2828617159008AEA27 /* Project object */;
			proxyType = 1;
			remoteGlobalIDString = 0186D100287FC2BF006540C1;
			remoteInfo = "ExploreCareW WatchKit Extension";
		};
		0186D117287FC2C0006540C1 /* PBXContainerItemProxy */ = {
			isa = PBXContainerItemProxy;
			containerPortal = 01554D2828617159008AEA27 /* Project object */;
			proxyType = 1;
			remoteGlobalIDString = 0186D0F8287FC2BE006540C1;
			remoteInfo = ExploreCareW;
		};
/* End PBXContainerItemProxy section */

/* Begin PBXCopyFilesBuildPhase section */
		0186D11A287FC2C0006540C1 /* Embed Watch Content */ = {
			isa = PBXCopyFilesBuildPhase;
			buildActionMask = 2147483647;
			dstPath = "$(CONTENTS_FOLDER_PATH)/Watch";
			dstSubfolderSpec = 16;
			files = (
				0186D119287FC2C0006540C1 /* ExploreCare.app in Embed Watch Content */,
			);
			name = "Embed Watch Content";
			runOnlyForDeploymentPostprocessing = 0;
		};
		0186D11D287FC2C0006540C1 /* Embed App Extensions */ = {
			isa = PBXCopyFilesBuildPhase;
			buildActionMask = 2147483647;
			dstPath = "";
			dstSubfolderSpec = 13;
			files = (
				0186D102287FC2BF006540C1 /* ExploreCareW WatchKit Extension.appex in Embed App Extensions */,
			);
			name = "Embed App Extensions";
			runOnlyForDeploymentPostprocessing = 0;
		};
/* End PBXCopyFilesBuildPhase section */

/* Begin PBXFileReference section */
		0116AC2528855A0000840F81 /* RingView.swift */ = {isa = PBXFileReference; lastKnownFileType = sourcecode.swift; path = RingView.swift; sourceTree = "<group>"; };
		0116AC302886E25E00840F81 /* MainViewModel.swift */ = {isa = PBXFileReference; lastKnownFileType = sourcecode.swift; path = MainViewModel.swift; sourceTree = "<group>"; };
		0116AC322886ED1C00840F81 /* HapticsView.swift */ = {isa = PBXFileReference; lastKnownFileType = sourcecode.swift; path = HapticsView.swift; sourceTree = "<group>"; };
		011EA9B12864CC550078D4CD /* ObjectRecogViewController.xib */ = {isa = PBXFileReference; lastKnownFileType = file.xib; path = ObjectRecogViewController.xib; sourceTree = "<group>"; };
		011EA9B32864E4750078D4CD /* AppUtility.swift */ = {isa = PBXFileReference; lastKnownFileType = sourcecode.swift; path = AppUtility.swift; sourceTree = "<group>"; };
		011EA9B6286562580078D4CD /* OnBoardingViewController.xib */ = {isa = PBXFileReference; lastKnownFileType = file.xib; path = OnBoardingViewController.xib; sourceTree = "<group>"; };
		011EA9BA286564030078D4CD /* OnBoardingPageViewController.swift */ = {isa = PBXFileReference; lastKnownFileType = sourcecode.swift; path = OnBoardingPageViewController.swift; sourceTree = "<group>"; };
		011EA9BC286564210078D4CD /* OnBoardingContentViewController.swift */ = {isa = PBXFileReference; lastKnownFileType = sourcecode.swift; path = OnBoardingContentViewController.swift; sourceTree = "<group>"; };
		011EA9BE286564410078D4CD /* OnBoardingViewController.swift */ = {isa = PBXFileReference; lastKnownFileType = sourcecode.swift; path = OnBoardingViewController.swift; sourceTree = "<group>"; };
		011EA9C22865651C0078D4CD /* Haptics.swift */ = {isa = PBXFileReference; lastKnownFileType = sourcecode.swift; path = Haptics.swift; sourceTree = "<group>"; };
		011EA9C42865653F0078D4CD /* Constans.swift */ = {isa = PBXFileReference; lastKnownFileType = sourcecode.swift; path = Constans.swift; sourceTree = "<group>"; };
		011EA9C728656B870078D4CD /* OnBoardingPageViewController.xib */ = {isa = PBXFileReference; lastKnownFileType = file.xib; path = OnBoardingPageViewController.xib; sourceTree = "<group>"; };
		011EA9C928656BD90078D4CD /* OnBoardingContentViewController.xib */ = {isa = PBXFileReference; lastKnownFileType = file.xib; path = OnBoardingContentViewController.xib; sourceTree = "<group>"; };
		011EA9D8286704350078D4CD /* TabExploreViewController.swift */ = {isa = PBXFileReference; lastKnownFileType = sourcecode.swift; path = TabExploreViewController.swift; sourceTree = "<group>"; };
		011EA9D9286704350078D4CD /* TabExploreViewController.xib */ = {isa = PBXFileReference; lastKnownFileType = file.xib; path = TabExploreViewController.xib; sourceTree = "<group>"; };
		011EA9E2286705890078D4CD /* TabBarViewController.swift */ = {isa = PBXFileReference; lastKnownFileType = sourcecode.swift; path = TabBarViewController.swift; sourceTree = "<group>"; };
		011EA9E3286705890078D4CD /* TabBarViewController.xib */ = {isa = PBXFileReference; lastKnownFileType = file.xib; path = TabBarViewController.xib; sourceTree = "<group>"; };
		011EA9EB28671D160078D4CD /* ObjectTableViewCell.swift */ = {isa = PBXFileReference; lastKnownFileType = sourcecode.swift; path = ObjectTableViewCell.swift; sourceTree = "<group>"; };
		011EA9EC28671D160078D4CD /* ObjectTableViewCell.xib */ = {isa = PBXFileReference; lastKnownFileType = file.xib; path = ObjectTableViewCell.xib; sourceTree = "<group>"; };
		011EA9EF286843B00078D4CD /* Missions.swift */ = {isa = PBXFileReference; lastKnownFileType = sourcecode.swift; path = Missions.swift; sourceTree = "<group>"; };
		011EA9FA286C4DBD0078D4CD /* MissionTableViewCell.swift */ = {isa = PBXFileReference; lastKnownFileType = sourcecode.swift; path = MissionTableViewCell.swift; sourceTree = "<group>"; };
		011EA9FB286C4DBD0078D4CD /* MissionTableViewCell.xib */ = {isa = PBXFileReference; lastKnownFileType = file.xib; path = MissionTableViewCell.xib; sourceTree = "<group>"; };
		011EAA00286D9D100078D4CD /* View.swift */ = {isa = PBXFileReference; lastKnownFileType = sourcecode.swift; path = View.swift; sourceTree = "<group>"; };
		011EAA02286DC7F10078D4CD /* Logger.swift */ = {isa = PBXFileReference; lastKnownFileType = sourcecode.swift; path = Logger.swift; sourceTree = "<group>"; };
		0124C7D52862FC9E001A4D58 /* YOLOv3Tiny.mlmodel */ = {isa = PBXFileReference; lastKnownFileType = file.mlmodel; path = YOLOv3Tiny.mlmodel; sourceTree = "<group>"; };
		0124C7D9286422C9001A4D58 /* ObjectRecogViewController.swift */ = {isa = PBXFileReference; lastKnownFileType = sourcecode.swift; path = ObjectRecogViewController.swift; sourceTree = "<group>"; };
		0124C7DE28643427001A4D58 /* DrawingBoundingBoxView.swift */ = {isa = PBXFileReference; lastKnownFileType = sourcecode.swift; path = DrawingBoundingBoxView.swift; sourceTree = "<group>"; };
		0124C7E02864355E001A4D58 /* ViewCapture.swift */ = {isa = PBXFileReference; lastKnownFileType = sourcecode.swift; path = ViewCapture.swift; sourceTree = "<group>"; };
		0124C7E2286435C0001A4D58 /* Measure.swift */ = {isa = PBXFileReference; lastKnownFileType = sourcecode.swift; path = Measure.swift; sourceTree = "<group>"; };
		013458B02871ACC100BCAAE6 /* ConfettiView.swift */ = {isa = PBXFileReference; lastKnownFileType = sourcecode.swift; path = ConfettiView.swift; sourceTree = "<group>"; };
		013458B32871AE5300BCAAE6 /* FinishViewController.swift */ = {isa = PBXFileReference; lastKnownFileType = sourcecode.swift; path = FinishViewController.swift; sourceTree = "<group>"; };
		013458B42871AE5300BCAAE6 /* FinishViewController.xib */ = {isa = PBXFileReference; lastKnownFileType = file.xib; path = FinishViewController.xib; sourceTree = "<group>"; };
		01554D3028617159008AEA27 /* ExploreCare.app */ = {isa = PBXFileReference; explicitFileType = wrapper.application; includeInIndex = 0; path = ExploreCare.app; sourceTree = BUILT_PRODUCTS_DIR; };
		01554D3328617159008AEA27 /* AppDelegate.swift */ = {isa = PBXFileReference; lastKnownFileType = sourcecode.swift; path = AppDelegate.swift; sourceTree = "<group>"; };
		01554D3C2861715A008AEA27 /* Assets.xcassets */ = {isa = PBXFileReference; lastKnownFileType = folder.assetcatalog; path = Assets.xcassets; sourceTree = "<group>"; };
		01554D3F2861715A008AEA27 /* Base */ = {isa = PBXFileReference; lastKnownFileType = file.storyboard; name = Base; path = Base.lproj/LaunchScreen.storyboard; sourceTree = "<group>"; };
		01554D412861715A008AEA27 /* Info.plist */ = {isa = PBXFileReference; lastKnownFileType = text.plist.xml; path = Info.plist; sourceTree = "<group>"; };
		0157CA632887A7BA0008B287 /* TimerEngine.swift */ = {isa = PBXFileReference; lastKnownFileType = sourcecode.swift; path = TimerEngine.swift; sourceTree = "<group>"; };
		0157CA65288854100008B287 /* ObjectRecogViewModel.swift */ = {isa = PBXFileReference; lastKnownFileType = sourcecode.swift; path = ObjectRecogViewModel.swift; sourceTree = "<group>"; };
		0186D0F9287FC2BE006540C1 /* ExploreCare.app */ = {isa = PBXFileReference; explicitFileType = wrapper.application; includeInIndex = 0; path = ExploreCare.app; sourceTree = BUILT_PRODUCTS_DIR; };
		0186D0FB287FC2BF006540C1 /* Assets.xcassets */ = {isa = PBXFileReference; lastKnownFileType = folder.assetcatalog; path = Assets.xcassets; sourceTree = "<group>"; };
		0186D101287FC2BF006540C1 /* ExploreCareW WatchKit Extension.appex */ = {isa = PBXFileReference; explicitFileType = "wrapper.app-extension"; includeInIndex = 0; path = "ExploreCareW WatchKit Extension.appex"; sourceTree = BUILT_PRODUCTS_DIR; };
		0186D106287FC2BF006540C1 /* learnEnglishApp.swift */ = {isa = PBXFileReference; lastKnownFileType = sourcecode.swift; path = learnEnglishApp.swift; sourceTree = "<group>"; };
		0186D108287FC2BF006540C1 /* MainView.swift */ = {isa = PBXFileReference; lastKnownFileType = sourcecode.swift; path = MainView.swift; sourceTree = "<group>"; };
		0186D10A287FC2BF006540C1 /* NotificationController.swift */ = {isa = PBXFileReference; lastKnownFileType = sourcecode.swift; path = NotificationController.swift; sourceTree = "<group>"; };
		0186D10C287FC2BF006540C1 /* NotificationView.swift */ = {isa = PBXFileReference; lastKnownFileType = sourcecode.swift; path = NotificationView.swift; sourceTree = "<group>"; };
		0186D10E287FC2BF006540C1 /* ComplicationController.swift */ = {isa = PBXFileReference; lastKnownFileType = sourcecode.swift; path = ComplicationController.swift; sourceTree = "<group>"; };
		0186D110287FC2C0006540C1 /* Assets.xcassets */ = {isa = PBXFileReference; lastKnownFileType = folder.assetcatalog; path = Assets.xcassets; sourceTree = "<group>"; };
		0186D113287FC2C0006540C1 /* Preview Assets.xcassets */ = {isa = PBXFileReference; lastKnownFileType = folder.assetcatalog; path = "Preview Assets.xcassets"; sourceTree = "<group>"; };
		0186D115287FC2C0006540C1 /* Info.plist */ = {isa = PBXFileReference; lastKnownFileType = text.plist.xml; path = Info.plist; sourceTree = "<group>"; };
		0186D116287FC2C0006540C1 /* PushNotificationPayload.apns */ = {isa = PBXFileReference; lastKnownFileType = text; path = PushNotificationPayload.apns; sourceTree = "<group>"; };
		01B972472872851A007F1521 /* correct.aiff */ = {isa = PBXFileReference; lastKnownFileType = audio.aiff; path = correct.aiff; sourceTree = "<group>"; };
		01B9724928729920007F1521 /* cup.mp3 */ = {isa = PBXFileReference; lastKnownFileType = audio.mp3; path = cup.mp3; sourceTree = "<group>"; };
		01B9724A28729920007F1521 /* backpack.mp3 */ = {isa = PBXFileReference; lastKnownFileType = audio.mp3; path = backpack.mp3; sourceTree = "<group>"; };
		01B9724B28729920007F1521 /* book.mp3 */ = {isa = PBXFileReference; lastKnownFileType = audio.mp3; path = book.mp3; sourceTree = "<group>"; };
		01B9724C28729921007F1521 /* clock.mp3 */ = {isa = PBXFileReference; lastKnownFileType = audio.mp3; path = clock.mp3; sourceTree = "<group>"; };
		01B9724D28729921007F1521 /* laptop.mp3 */ = {isa = PBXFileReference; lastKnownFileType = audio.mp3; path = laptop.mp3; sourceTree = "<group>"; };
		01B9724E28729921007F1521 /* tv.mp3 */ = {isa = PBXFileReference; lastKnownFileType = audio.mp3; path = tv.mp3; sourceTree = "<group>"; };
		01B972562872B25E007F1521 /* CustomAllertViewController.swift */ = {isa = PBXFileReference; lastKnownFileType = sourcecode.swift; path = CustomAllertViewController.swift; sourceTree = "<group>"; };
		01B972572872B25E007F1521 /* CustomAllertViewController.xib */ = {isa = PBXFileReference; lastKnownFileType = file.xib; path = CustomAllertViewController.xib; sourceTree = "<group>"; };
		01B9725B2873428E007F1521 /* TabReviewView.swift */ = {isa = PBXFileReference; lastKnownFileType = sourcecode.swift; path = TabReviewView.swift; sourceTree = "<group>"; };
/* End PBXFileReference section */

/* Begin PBXFrameworksBuildPhase section */
		01554D2D28617159008AEA27 /* Frameworks */ = {
			isa = PBXFrameworksBuildPhase;
			buildActionMask = 2147483647;
			files = (
			);
			runOnlyForDeploymentPostprocessing = 0;
		};
		0186D0FE287FC2BF006540C1 /* Frameworks */ = {
			isa = PBXFrameworksBuildPhase;
			buildActionMask = 2147483647;
			files = (
			);
			runOnlyForDeploymentPostprocessing = 0;
		};
/* End PBXFrameworksBuildPhase section */

/* Begin PBXGroup section */
		0116AC1A288242B800840F81 /* SupportingFiles */ = {
			isa = PBXGroup;
			children = (
				0116AC2B2885BB2800840F81 /* music */,
				0186D112287FC2C0006540C1 /* Preview Content */,
				0186D115287FC2C0006540C1 /* Info.plist */,
				0186D110287FC2C0006540C1 /* Assets.xcassets */,
			);
			path = SupportingFiles;
			sourceTree = "<group>";
		};
		0116AC1B288242C200840F81 /* Shared */ = {
			isa = PBXGroup;
			children = (
				0157CA632887A7BA0008B287 /* TimerEngine.swift */,
			);
			path = Shared;
			sourceTree = "<group>";
		};
		0116AC1C288242C900840F81 /* App */ = {
			isa = PBXGroup;
			children = (
				0186D10E287FC2BF006540C1 /* ComplicationController.swift */,
				0186D116287FC2C0006540C1 /* PushNotificationPayload.apns */,
				0186D10A287FC2BF006540C1 /* NotificationController.swift */,
				0186D106287FC2BF006540C1 /* learnEnglishApp.swift */,
			);
			path = App;
			sourceTree = "<group>";
		};
		0116AC1D288242D000840F81 /* View */ = {
			isa = PBXGroup;
			children = (
				0116AC22288547A200840F81 /* MainView */,
				0116AC212885479400840F81 /* Notification */,
			);
			path = View;
			sourceTree = "<group>";
		};
		0116AC212885479400840F81 /* Notification */ = {
			isa = PBXGroup;
			children = (
				0186D10C287FC2BF006540C1 /* NotificationView.swift */,
			);
			path = Notification;
			sourceTree = "<group>";
		};
		0116AC22288547A200840F81 /* MainView */ = {
			isa = PBXGroup;
			children = (
				0186D108287FC2BF006540C1 /* MainView.swift */,
				0116AC2528855A0000840F81 /* RingView.swift */,
				0116AC302886E25E00840F81 /* MainViewModel.swift */,
				0116AC322886ED1C00840F81 /* HapticsView.swift */,
			);
			path = MainView;
			sourceTree = "<group>";
		};
		0116AC2B2885BB2800840F81 /* music */ = {
			isa = PBXGroup;
			children = (
			);
			path = music;
			sourceTree = "<group>";
		};
		011EA9B5286561E90078D4CD /* OnBoarding */ = {
			isa = PBXGroup;
			children = (
				011EA9D42867033C0078D4CD /* View */,
				011EA9D3286703340078D4CD /* PageView */,
				011EA9D2286703280078D4CD /* Content */,
			);
			path = OnBoarding;
			sourceTree = "<group>";
		};
		011EA9CD286702A10078D4CD /* TabBarHome */ = {
			isa = PBXGroup;
			children = (
				011EA9D7286704110078D4CD /* TabExplore */,
				011EA9D6286703BB0078D4CD /* TabReview */,
				011EA9D5286703A40078D4CD /* TabView */,
			);
			path = TabBarHome;
			sourceTree = "<group>";
		};
		011EA9D2286703280078D4CD /* Content */ = {
			isa = PBXGroup;
			children = (
				011EA9BC286564210078D4CD /* OnBoardingContentViewController.swift */,
				011EA9C928656BD90078D4CD /* OnBoardingContentViewController.xib */,
			);
			path = Content;
			sourceTree = "<group>";
		};
		011EA9D3286703340078D4CD /* PageView */ = {
			isa = PBXGroup;
			children = (
				011EA9BA286564030078D4CD /* OnBoardingPageViewController.swift */,
				011EA9C728656B870078D4CD /* OnBoardingPageViewController.xib */,
			);
			path = PageView;
			sourceTree = "<group>";
		};
		011EA9D42867033C0078D4CD /* View */ = {
			isa = PBXGroup;
			children = (
				011EA9BE286564410078D4CD /* OnBoardingViewController.swift */,
				011EA9B6286562580078D4CD /* OnBoardingViewController.xib */,
			);
			path = View;
			sourceTree = "<group>";
		};
		011EA9D5286703A40078D4CD /* TabView */ = {
			isa = PBXGroup;
			children = (
				011EA9E2286705890078D4CD /* TabBarViewController.swift */,
				011EA9E3286705890078D4CD /* TabBarViewController.xib */,
			);
			path = TabView;
			sourceTree = "<group>";
		};
		011EA9D6286703BB0078D4CD /* TabReview */ = {
			isa = PBXGroup;
			children = (
				01B9725B2873428E007F1521 /* TabReviewView.swift */,
			);
			path = TabReview;
			sourceTree = "<group>";
		};
		011EA9D7286704110078D4CD /* TabExplore */ = {
			isa = PBXGroup;
			children = (
				011EA9F9286C4D550078D4CD /* MissionsCell */,
				011EA9D8286704350078D4CD /* TabExploreViewController.swift */,
				011EA9D9286704350078D4CD /* TabExploreViewController.xib */,
			);
			path = TabExplore;
			sourceTree = "<group>";
		};
		011EA9F5286851BB0078D4CD /* ObjectCell */ = {
			isa = PBXGroup;
			children = (
				011EA9EB28671D160078D4CD /* ObjectTableViewCell.swift */,
				011EA9EC28671D160078D4CD /* ObjectTableViewCell.xib */,
			);
			path = ObjectCell;
			sourceTree = "<group>";
		};
		011EA9F9286C4D550078D4CD /* MissionsCell */ = {
			isa = PBXGroup;
			children = (
				011EA9FA286C4DBD0078D4CD /* MissionTableViewCell.swift */,
				011EA9FB286C4DBD0078D4CD /* MissionTableViewCell.xib */,
			);
			path = MissionsCell;
			sourceTree = "<group>";
		};
		0124C7D32862DB32001A4D58 /* Model */ = {
			isa = PBXGroup;
			children = (
				0124C7D42862FC6C001A4D58 /* YOLOv3Tiny */,
				011EA9EF286843B00078D4CD /* Missions.swift */,
			);
			path = Model;
			sourceTree = "<group>";
		};
		0124C7D42862FC6C001A4D58 /* YOLOv3Tiny */ = {
			isa = PBXGroup;
			children = (
				0124C7D52862FC9E001A4D58 /* YOLOv3Tiny.mlmodel */,
			);
			path = YOLOv3Tiny;
			sourceTree = "<group>";
		};
		0124C7DD2864313A001A4D58 /* ObjectRecog */ = {
			isa = PBXGroup;
			children = (
				011EA9F5286851BB0078D4CD /* ObjectCell */,
				0124C7D9286422C9001A4D58 /* ObjectRecogViewController.swift */,
				011EA9B12864CC550078D4CD /* ObjectRecogViewController.xib */,
				0157CA65288854100008B287 /* ObjectRecogViewModel.swift */,
			);
			path = ObjectRecog;
			sourceTree = "<group>";
		};
		013458AB287050AA00BCAAE6 /* sounds */ = {
			isa = PBXGroup;
			children = (
				01B9724B28729920007F1521 /* book.mp3 */,
				01B9724C28729921007F1521 /* clock.mp3 */,
				01B9724A28729920007F1521 /* backpack.mp3 */,
				01B9724928729920007F1521 /* cup.mp3 */,
				01B9724D28729921007F1521 /* laptop.mp3 */,
				01B9724E28729921007F1521 /* tv.mp3 */,
				01B972472872851A007F1521 /* correct.aiff */,
			);
			path = sounds;
			sourceTree = "<group>";
		};
		013458B22871AE2100BCAAE6 /* FinishView */ = {
			isa = PBXGroup;
			children = (
				013458B32871AE5300BCAAE6 /* FinishViewController.swift */,
				013458B42871AE5300BCAAE6 /* FinishViewController.xib */,
			);
			path = FinishView;
			sourceTree = "<group>";
		};
		01554D2728617159008AEA27 = {
			isa = PBXGroup;
			children = (
				01554D3228617159008AEA27 /* ExploreCare */,
				0186D0FA287FC2BE006540C1 /* ExploreCareW */,
				0186D105287FC2BF006540C1 /* ExploreCareW WatchKit Extension */,
				01554D3128617159008AEA27 /* Products */,
			);
			sourceTree = "<group>";
		};
		01554D3128617159008AEA27 /* Products */ = {
			isa = PBXGroup;
			children = (
				01554D3028617159008AEA27 /* ExploreCare.app */,
				0186D0F9287FC2BE006540C1 /* ExploreCare.app */,
				0186D101287FC2BF006540C1 /* ExploreCareW WatchKit Extension.appex */,
			);
			name = Products;
			sourceTree = "<group>";
		};
		01554D3228617159008AEA27 /* ExploreCare */ = {
			isa = PBXGroup;
			children = (
				01554D3E2861715A008AEA27 /* LaunchScreen.storyboard */,
				0124C7D32862DB32001A4D58 /* Model */,
				01554D4A286171E1008AEA27 /* SupportingFiles */,
				01554D49286171D4008AEA27 /* Utils */,
				01554D48286171CE008AEA27 /* App */,
				01554D47286171C0008AEA27 /* ViewController */,
			);
			path = ExploreCare;
			sourceTree = "<group>";
		};
		01554D47286171C0008AEA27 /* ViewController */ = {
			isa = PBXGroup;
			children = (
				01B972552872B233007F1521 /* CustomAllert */,
				013458B22871AE2100BCAAE6 /* FinishView */,
				011EA9CD286702A10078D4CD /* TabBarHome */,
				011EA9B5286561E90078D4CD /* OnBoarding */,
				0124C7DD2864313A001A4D58 /* ObjectRecog */,
			);
			path = ViewController;
			sourceTree = "<group>";
		};
		01554D48286171CE008AEA27 /* App */ = {
			isa = PBXGroup;
			children = (
				01554D3328617159008AEA27 /* AppDelegate.swift */,
			);
			path = App;
			sourceTree = "<group>";
		};
		01554D49286171D4008AEA27 /* Utils */ = {
			isa = PBXGroup;
			children = (
				0124C7E02864355E001A4D58 /* ViewCapture.swift */,
				0124C7DE28643427001A4D58 /* DrawingBoundingBoxView.swift */,
				0124C7E2286435C0001A4D58 /* Measure.swift */,
				011EA9B32864E4750078D4CD /* AppUtility.swift */,
				011EA9C22865651C0078D4CD /* Haptics.swift */,
				011EA9C42865653F0078D4CD /* Constans.swift */,
				011EAA00286D9D100078D4CD /* View.swift */,
				011EAA02286DC7F10078D4CD /* Logger.swift */,
				013458B02871ACC100BCAAE6 /* ConfettiView.swift */,
			);
			path = Utils;
			sourceTree = "<group>";
		};
		01554D4A286171E1008AEA27 /* SupportingFiles */ = {
			isa = PBXGroup;
			children = (
				013458AB287050AA00BCAAE6 /* sounds */,
				01554D3C2861715A008AEA27 /* Assets.xcassets */,
				01554D412861715A008AEA27 /* Info.plist */,
			);
			path = SupportingFiles;
			sourceTree = "<group>";
		};
		0186D0FA287FC2BE006540C1 /* ExploreCareW */ = {
			isa = PBXGroup;
			children = (
				0186D0FB287FC2BF006540C1 /* Assets.xcassets */,
			);
			path = ExploreCareW;
			sourceTree = "<group>";
		};
		0186D105287FC2BF006540C1 /* ExploreCareW WatchKit Extension */ = {
			isa = PBXGroup;
			children = (
				0116AC1D288242D000840F81 /* View */,
				0116AC1C288242C900840F81 /* App */,
				0116AC1B288242C200840F81 /* Shared */,
				0116AC1A288242B800840F81 /* SupportingFiles */,
			);
			path = "ExploreCareW WatchKit Extension";
			sourceTree = "<group>";
		};
		0186D112287FC2C0006540C1 /* Preview Content */ = {
			isa = PBXGroup;
			children = (
				0186D113287FC2C0006540C1 /* Preview Assets.xcassets */,
			);
			path = "Preview Content";
			sourceTree = "<group>";
		};
		01B972552872B233007F1521 /* CustomAllert */ = {
			isa = PBXGroup;
			children = (
				01B972562872B25E007F1521 /* CustomAllertViewController.swift */,
				01B972572872B25E007F1521 /* CustomAllertViewController.xib */,
			);
			path = CustomAllert;
			sourceTree = "<group>";
		};
/* End PBXGroup section */

/* Begin PBXNativeTarget section */
		01554D2F28617159008AEA27 /* ExploreCare */ = {
			isa = PBXNativeTarget;
			buildConfigurationList = 01554D442861715A008AEA27 /* Build configuration list for PBXNativeTarget "ExploreCare" */;
			buildPhases = (
				01554D2C28617159008AEA27 /* Sources */,
				01554D2D28617159008AEA27 /* Frameworks */,
				01554D2E28617159008AEA27 /* Resources */,
				0186D11A287FC2C0006540C1 /* Embed Watch Content */,
			);
			buildRules = (
			);
			dependencies = (
				0186D118287FC2C0006540C1 /* PBXTargetDependency */,
			);
			name = ExploreCare;
			productName = learnEnglish;
			productReference = 01554D3028617159008AEA27 /* ExploreCare.app */;
			productType = "com.apple.product-type.application";
		};
		0186D0F8287FC2BE006540C1 /* ExploreCareW */ = {
			isa = PBXNativeTarget;
			buildConfigurationList = 0186D121287FC2C0006540C1 /* Build configuration list for PBXNativeTarget "ExploreCareW" */;
			buildPhases = (
				0186D0F7287FC2BE006540C1 /* Resources */,
				0186D11D287FC2C0006540C1 /* Embed App Extensions */,
			);
			buildRules = (
			);
			dependencies = (
				0186D104287FC2BF006540C1 /* PBXTargetDependency */,
			);
			name = ExploreCareW;
			productName = ExploreCareW;
			productReference = 0186D0F9287FC2BE006540C1 /* ExploreCare.app */;
			productType = "com.apple.product-type.application.watchapp2";
		};
		0186D100287FC2BF006540C1 /* ExploreCareW WatchKit Extension */ = {
			isa = PBXNativeTarget;
			buildConfigurationList = 0186D120287FC2C0006540C1 /* Build configuration list for PBXNativeTarget "ExploreCareW WatchKit Extension" */;
			buildPhases = (
				0186D0FD287FC2BF006540C1 /* Sources */,
				0186D0FE287FC2BF006540C1 /* Frameworks */,
				0186D0FF287FC2BF006540C1 /* Resources */,
			);
			buildRules = (
			);
			dependencies = (
			);
			name = "ExploreCareW WatchKit Extension";
			productName = "ExploreCareW WatchKit Extension";
			productReference = 0186D101287FC2BF006540C1 /* ExploreCareW WatchKit Extension.appex */;
			productType = "com.apple.product-type.watchkit2-extension";
		};
/* End PBXNativeTarget section */

/* Begin PBXProject section */
		01554D2828617159008AEA27 /* Project object */ = {
			isa = PBXProject;
			attributes = {
				BuildIndependentTargetsInParallel = 1;
				LastSwiftUpdateCheck = 1340;
				LastUpgradeCheck = 1340;
				TargetAttributes = {
					01554D2F28617159008AEA27 = {
						CreatedOnToolsVersion = 13.4.1;
					};
					0186D0F8287FC2BE006540C1 = {
						CreatedOnToolsVersion = 13.4.1;
					};
					0186D100287FC2BF006540C1 = {
						CreatedOnToolsVersion = 13.4.1;
					};
				};
			};
			buildConfigurationList = 01554D2B28617159008AEA27 /* Build configuration list for PBXProject "ExploreCare" */;
			compatibilityVersion = "Xcode 13.0";
			developmentRegion = en;
			hasScannedForEncodings = 0;
			knownRegions = (
				en,
				Base,
			);
			mainGroup = 01554D2728617159008AEA27;
			productRefGroup = 01554D3128617159008AEA27 /* Products */;
			projectDirPath = "";
			projectRoot = "";
			targets = (
				01554D2F28617159008AEA27 /* ExploreCare */,
				0186D0F8287FC2BE006540C1 /* ExploreCareW */,
				0186D100287FC2BF006540C1 /* ExploreCareW WatchKit Extension */,
			);
		};
/* End PBXProject section */

/* Begin PBXResourcesBuildPhase section */
		01554D2E28617159008AEA27 /* Resources */ = {
			isa = PBXResourcesBuildPhase;
			buildActionMask = 2147483647;
			files = (
				01B972482872851A007F1521 /* correct.aiff in Resources */,
				01B972592872B25E007F1521 /* CustomAllertViewController.xib in Resources */,
				01B9725128729921007F1521 /* book.mp3 in Resources */,
				011EA9C828656B870078D4CD /* OnBoardingPageViewController.xib in Resources */,
				01B9725028729921007F1521 /* backpack.mp3 in Resources */,
				011EA9EE28671D160078D4CD /* ObjectTableViewCell.xib in Resources */,
				011EA9B22864CC550078D4CD /* ObjectRecogViewController.xib in Resources */,
				011EA9DB286704350078D4CD /* TabExploreViewController.xib in Resources */,
				011EA9FD286C4DBD0078D4CD /* MissionTableViewCell.xib in Resources */,
				01B9725228729921007F1521 /* clock.mp3 in Resources */,
				01B9725328729921007F1521 /* laptop.mp3 in Resources */,
				01B9725428729921007F1521 /* tv.mp3 in Resources */,
				011EA9B7286562580078D4CD /* OnBoardingViewController.xib in Resources */,
				011EA9CA28656BD90078D4CD /* OnBoardingContentViewController.xib in Resources */,
				01554D402861715A008AEA27 /* LaunchScreen.storyboard in Resources */,
				011EA9E5286705890078D4CD /* TabBarViewController.xib in Resources */,
				013458B62871AE5300BCAAE6 /* FinishViewController.xib in Resources */,
				01554D3D2861715A008AEA27 /* Assets.xcassets in Resources */,
				01B9724F28729921007F1521 /* cup.mp3 in Resources */,
			);
			runOnlyForDeploymentPostprocessing = 0;
		};
		0186D0F7287FC2BE006540C1 /* Resources */ = {
			isa = PBXResourcesBuildPhase;
			buildActionMask = 2147483647;
			files = (
				0116AC2E2885BB5700840F81 /* backpack.mp3 in Resources */,
				0186D0FC287FC2BF006540C1 /* Assets.xcassets in Resources */,
			);
			runOnlyForDeploymentPostprocessing = 0;
		};
		0186D0FF287FC2BF006540C1 /* Resources */ = {
			isa = PBXResourcesBuildPhase;
			buildActionMask = 2147483647;
			files = (
				0116AC2C2885BB5500840F81 /* backpack.mp3 in Resources */,
				0186D114287FC2C0006540C1 /* Preview Assets.xcassets in Resources */,
				0186D111287FC2C0006540C1 /* Assets.xcassets in Resources */,
			);
			runOnlyForDeploymentPostprocessing = 0;
		};
/* End PBXResourcesBuildPhase section */

/* Begin PBXSourcesBuildPhase section */
		01554D2C28617159008AEA27 /* Sources */ = {
			isa = PBXSourcesBuildPhase;
			buildActionMask = 2147483647;
			files = (
				013458B12871ACC100BCAAE6 /* ConfettiView.swift in Sources */,
				011EA9C32865651C0078D4CD /* Haptics.swift in Sources */,
				011EA9B42864E4750078D4CD /* AppUtility.swift in Sources */,
				011EA9FC286C4DBD0078D4CD /* MissionTableViewCell.swift in Sources */,
				011EA9DA286704350078D4CD /* TabExploreViewController.swift in Sources */,
				011EAA03286DC7F10078D4CD /* Logger.swift in Sources */,
				011EA9BB286564030078D4CD /* OnBoardingPageViewController.swift in Sources */,
				0124C7E3286435C0001A4D58 /* Measure.swift in Sources */,
				0124C7DB286422C9001A4D58 /* ObjectRecogViewController.swift in Sources */,
				01B9725C2873428E007F1521 /* TabReviewView.swift in Sources */,
				0124C7E12864355E001A4D58 /* ViewCapture.swift in Sources */,
				011EA9F0286843B00078D4CD /* Missions.swift in Sources */,
				011EA9C52865653F0078D4CD /* Constans.swift in Sources */,
				011EAA01286D9D100078D4CD /* View.swift in Sources */,
				0124C7D62862FC9E001A4D58 /* YOLOv3Tiny.mlmodel in Sources */,
				01554D3428617159008AEA27 /* AppDelegate.swift in Sources */,
				01B972582872B25E007F1521 /* CustomAllertViewController.swift in Sources */,
				011EA9BD286564210078D4CD /* OnBoardingContentViewController.swift in Sources */,
				0124C7DF28643427001A4D58 /* DrawingBoundingBoxView.swift in Sources */,
				0157CA66288854100008B287 /* ObjectRecogViewModel.swift in Sources */,
				011EA9E4286705890078D4CD /* TabBarViewController.swift in Sources */,
				011EA9ED28671D160078D4CD /* ObjectTableViewCell.swift in Sources */,
				011EA9BF286564410078D4CD /* OnBoardingViewController.swift in Sources */,
				013458B52871AE5300BCAAE6 /* FinishViewController.swift in Sources */,
			);
			runOnlyForDeploymentPostprocessing = 0;
		};
		0186D0FD287FC2BF006540C1 /* Sources */ = {
			isa = PBXSourcesBuildPhase;
			buildActionMask = 2147483647;
			files = (
				0186D10B287FC2BF006540C1 /* NotificationController.swift in Sources */,
				0186D109287FC2BF006540C1 /* MainView.swift in Sources */,
				0157CA642887A7BA0008B287 /* TimerEngine.swift in Sources */,
				0116AC312886E25E00840F81 /* MainViewModel.swift in Sources */,
				0116AC332886ED1C00840F81 /* HapticsView.swift in Sources */,
				0186D10F287FC2BF006540C1 /* ComplicationController.swift in Sources */,
				0116AC2628855A0000840F81 /* RingView.swift in Sources */,
				0186D107287FC2BF006540C1 /* learnEnglishApp.swift in Sources */,
				0186D10D287FC2BF006540C1 /* NotificationView.swift in Sources */,
			);
			runOnlyForDeploymentPostprocessing = 0;
		};
/* End PBXSourcesBuildPhase section */

/* Begin PBXTargetDependency section */
		0186D104287FC2BF006540C1 /* PBXTargetDependency */ = {
			isa = PBXTargetDependency;
			target = 0186D100287FC2BF006540C1 /* ExploreCareW WatchKit Extension */;
			targetProxy = 0186D103287FC2BF006540C1 /* PBXContainerItemProxy */;
		};
		0186D118287FC2C0006540C1 /* PBXTargetDependency */ = {
			isa = PBXTargetDependency;
			target = 0186D0F8287FC2BE006540C1 /* ExploreCareW */;
			targetProxy = 0186D117287FC2C0006540C1 /* PBXContainerItemProxy */;
		};
/* End PBXTargetDependency section */

/* Begin PBXVariantGroup section */
		01554D3E2861715A008AEA27 /* LaunchScreen.storyboard */ = {
			isa = PBXVariantGroup;
			children = (
				01554D3F2861715A008AEA27 /* Base */,
			);
			name = LaunchScreen.storyboard;
			sourceTree = "<group>";
		};
/* End PBXVariantGroup section */

/* Begin XCBuildConfiguration section */
		01554D422861715A008AEA27 /* Debug */ = {
			isa = XCBuildConfiguration;
			buildSettings = {
				ALWAYS_SEARCH_USER_PATHS = NO;
				CLANG_ANALYZER_NONNULL = YES;
				CLANG_ANALYZER_NUMBER_OBJECT_CONVERSION = YES_AGGRESSIVE;
				CLANG_CXX_LANGUAGE_STANDARD = "gnu++17";
				CLANG_ENABLE_MODULES = YES;
				CLANG_ENABLE_OBJC_ARC = YES;
				CLANG_ENABLE_OBJC_WEAK = YES;
				CLANG_WARN_BLOCK_CAPTURE_AUTORELEASING = YES;
				CLANG_WARN_BOOL_CONVERSION = YES;
				CLANG_WARN_COMMA = YES;
				CLANG_WARN_CONSTANT_CONVERSION = YES;
				CLANG_WARN_DEPRECATED_OBJC_IMPLEMENTATIONS = YES;
				CLANG_WARN_DIRECT_OBJC_ISA_USAGE = YES_ERROR;
				CLANG_WARN_DOCUMENTATION_COMMENTS = YES;
				CLANG_WARN_EMPTY_BODY = YES;
				CLANG_WARN_ENUM_CONVERSION = YES;
				CLANG_WARN_INFINITE_RECURSION = YES;
				CLANG_WARN_INT_CONVERSION = YES;
				CLANG_WARN_NON_LITERAL_NULL_CONVERSION = YES;
				CLANG_WARN_OBJC_IMPLICIT_RETAIN_SELF = YES;
				CLANG_WARN_OBJC_LITERAL_CONVERSION = YES;
				CLANG_WARN_OBJC_ROOT_CLASS = YES_ERROR;
				CLANG_WARN_QUOTED_INCLUDE_IN_FRAMEWORK_HEADER = YES;
				CLANG_WARN_RANGE_LOOP_ANALYSIS = YES;
				CLANG_WARN_STRICT_PROTOTYPES = YES;
				CLANG_WARN_SUSPICIOUS_MOVE = YES;
				CLANG_WARN_UNGUARDED_AVAILABILITY = YES_AGGRESSIVE;
				CLANG_WARN_UNREACHABLE_CODE = YES;
				CLANG_WARN__DUPLICATE_METHOD_MATCH = YES;
				COPY_PHASE_STRIP = NO;
				DEBUG_INFORMATION_FORMAT = dwarf;
				ENABLE_STRICT_OBJC_MSGSEND = YES;
				ENABLE_TESTABILITY = YES;
				GCC_C_LANGUAGE_STANDARD = gnu11;
				GCC_DYNAMIC_NO_PIC = NO;
				GCC_NO_COMMON_BLOCKS = YES;
				GCC_OPTIMIZATION_LEVEL = 0;
				GCC_PREPROCESSOR_DEFINITIONS = (
					"DEBUG=1",
					"$(inherited)",
				);
				GCC_WARN_64_TO_32_BIT_CONVERSION = YES;
				GCC_WARN_ABOUT_RETURN_TYPE = YES_ERROR;
				GCC_WARN_UNDECLARED_SELECTOR = YES;
				GCC_WARN_UNINITIALIZED_AUTOS = YES_AGGRESSIVE;
				GCC_WARN_UNUSED_FUNCTION = YES;
				GCC_WARN_UNUSED_VARIABLE = YES;
				IPHONEOS_DEPLOYMENT_TARGET = 15.5;
				MTL_ENABLE_DEBUG_INFO = INCLUDE_SOURCE;
				MTL_FAST_MATH = YES;
				ONLY_ACTIVE_ARCH = YES;
				SDKROOT = iphoneos;
				SWIFT_ACTIVE_COMPILATION_CONDITIONS = DEBUG;
				SWIFT_OPTIMIZATION_LEVEL = "-Onone";
			};
			name = Debug;
		};
		01554D432861715A008AEA27 /* Release */ = {
			isa = XCBuildConfiguration;
			buildSettings = {
				ALWAYS_SEARCH_USER_PATHS = NO;
				CLANG_ANALYZER_NONNULL = YES;
				CLANG_ANALYZER_NUMBER_OBJECT_CONVERSION = YES_AGGRESSIVE;
				CLANG_CXX_LANGUAGE_STANDARD = "gnu++17";
				CLANG_ENABLE_MODULES = YES;
				CLANG_ENABLE_OBJC_ARC = YES;
				CLANG_ENABLE_OBJC_WEAK = YES;
				CLANG_WARN_BLOCK_CAPTURE_AUTORELEASING = YES;
				CLANG_WARN_BOOL_CONVERSION = YES;
				CLANG_WARN_COMMA = YES;
				CLANG_WARN_CONSTANT_CONVERSION = YES;
				CLANG_WARN_DEPRECATED_OBJC_IMPLEMENTATIONS = YES;
				CLANG_WARN_DIRECT_OBJC_ISA_USAGE = YES_ERROR;
				CLANG_WARN_DOCUMENTATION_COMMENTS = YES;
				CLANG_WARN_EMPTY_BODY = YES;
				CLANG_WARN_ENUM_CONVERSION = YES;
				CLANG_WARN_INFINITE_RECURSION = YES;
				CLANG_WARN_INT_CONVERSION = YES;
				CLANG_WARN_NON_LITERAL_NULL_CONVERSION = YES;
				CLANG_WARN_OBJC_IMPLICIT_RETAIN_SELF = YES;
				CLANG_WARN_OBJC_LITERAL_CONVERSION = YES;
				CLANG_WARN_OBJC_ROOT_CLASS = YES_ERROR;
				CLANG_WARN_QUOTED_INCLUDE_IN_FRAMEWORK_HEADER = YES;
				CLANG_WARN_RANGE_LOOP_ANALYSIS = YES;
				CLANG_WARN_STRICT_PROTOTYPES = YES;
				CLANG_WARN_SUSPICIOUS_MOVE = YES;
				CLANG_WARN_UNGUARDED_AVAILABILITY = YES_AGGRESSIVE;
				CLANG_WARN_UNREACHABLE_CODE = YES;
				CLANG_WARN__DUPLICATE_METHOD_MATCH = YES;
				COPY_PHASE_STRIP = NO;
				DEBUG_INFORMATION_FORMAT = "dwarf-with-dsym";
				ENABLE_NS_ASSERTIONS = NO;
				ENABLE_STRICT_OBJC_MSGSEND = YES;
				GCC_C_LANGUAGE_STANDARD = gnu11;
				GCC_NO_COMMON_BLOCKS = YES;
				GCC_WARN_64_TO_32_BIT_CONVERSION = YES;
				GCC_WARN_ABOUT_RETURN_TYPE = YES_ERROR;
				GCC_WARN_UNDECLARED_SELECTOR = YES;
				GCC_WARN_UNINITIALIZED_AUTOS = YES_AGGRESSIVE;
				GCC_WARN_UNUSED_FUNCTION = YES;
				GCC_WARN_UNUSED_VARIABLE = YES;
				IPHONEOS_DEPLOYMENT_TARGET = 15.5;
				MTL_ENABLE_DEBUG_INFO = NO;
				MTL_FAST_MATH = YES;
				SDKROOT = iphoneos;
				SWIFT_COMPILATION_MODE = wholemodule;
				SWIFT_OPTIMIZATION_LEVEL = "-O";
				VALIDATE_PRODUCT = YES;
			};
			name = Release;
		};
		01554D452861715A008AEA27 /* Debug */ = {
			isa = XCBuildConfiguration;
			buildSettings = {
				ASSETCATALOG_COMPILER_APPICON_NAME = AppIcon;
				ASSETCATALOG_COMPILER_GLOBAL_ACCENT_COLOR_NAME = AccentColor;
				CODE_SIGN_IDENTITY = "Apple Development";
				CODE_SIGN_STYLE = Automatic;
				CURRENT_PROJECT_VERSION = 2;
				DEVELOPMENT_TEAM = DA8L68M7F2;
				GENERATE_INFOPLIST_FILE = YES;
				INFOPLIST_FILE = ExploreCare/SupportingFiles/Info.plist;
				INFOPLIST_KEY_CFBundleDisplayName = ExploreCare;
				INFOPLIST_KEY_NSCameraUsageDescription = "App requires acces to your camera to allow you to take a photo of your ID to process your request";
				INFOPLIST_KEY_UIApplicationSupportsIndirectInputEvents = YES;
				INFOPLIST_KEY_UILaunchStoryboardName = LaunchScreen;
				INFOPLIST_KEY_UIMainStoryboardFile = LaunchScreen;
				INFOPLIST_KEY_UIRequiresFullScreen = YES;
				INFOPLIST_KEY_UISupportedInterfaceOrientations = "UIInterfaceOrientationLandscapeLeft UIInterfaceOrientationLandscapeRight UIInterfaceOrientationPortrait";
				INFOPLIST_KEY_UISupportedInterfaceOrientations_iPad = "UIInterfaceOrientationPortrait UIInterfaceOrientationPortraitUpsideDown UIInterfaceOrientationLandscapeLeft UIInterfaceOrientationLandscapeRight";
				INFOPLIST_KEY_UISupportedInterfaceOrientations_iPhone = "UIInterfaceOrientationPortrait UIInterfaceOrientationLandscapeLeft UIInterfaceOrientationLandscapeRight";
				LD_RUNPATH_SEARCH_PATHS = (
					"$(inherited)",
					"@executable_path/Frameworks",
				);
				MARKETING_VERSION = 1.0;
				PRODUCT_BUNDLE_IDENTIFIER = rrdev.ExploreCare;
				PRODUCT_NAME = "$(TARGET_NAME)";
				PROVISIONING_PROFILE_SPECIFIER = "";
				SWIFT_EMIT_LOC_STRINGS = YES;
				SWIFT_VERSION = 5.0;
				TARGETED_DEVICE_FAMILY = "1,2";
			};
			name = Debug;
		};
		01554D462861715A008AEA27 /* Release */ = {
			isa = XCBuildConfiguration;
			buildSettings = {
				ASSETCATALOG_COMPILER_APPICON_NAME = AppIcon;
				ASSETCATALOG_COMPILER_GLOBAL_ACCENT_COLOR_NAME = AccentColor;
				CODE_SIGN_IDENTITY = "Apple Development";
				CODE_SIGN_STYLE = Automatic;
				CURRENT_PROJECT_VERSION = 2;
				DEVELOPMENT_TEAM = DA8L68M7F2;
				GENERATE_INFOPLIST_FILE = YES;
				INFOPLIST_FILE = ExploreCare/SupportingFiles/Info.plist;
				INFOPLIST_KEY_CFBundleDisplayName = ExploreCare;
				INFOPLIST_KEY_NSCameraUsageDescription = "App requires acces to your camera to allow you to take a photo of your ID to process your request";
				INFOPLIST_KEY_UIApplicationSupportsIndirectInputEvents = YES;
				INFOPLIST_KEY_UILaunchStoryboardName = LaunchScreen;
				INFOPLIST_KEY_UIMainStoryboardFile = LaunchScreen;
				INFOPLIST_KEY_UIRequiresFullScreen = YES;
				INFOPLIST_KEY_UISupportedInterfaceOrientations = "UIInterfaceOrientationLandscapeLeft UIInterfaceOrientationLandscapeRight UIInterfaceOrientationPortrait";
				INFOPLIST_KEY_UISupportedInterfaceOrientations_iPad = "UIInterfaceOrientationPortrait UIInterfaceOrientationPortraitUpsideDown UIInterfaceOrientationLandscapeLeft UIInterfaceOrientationLandscapeRight";
				INFOPLIST_KEY_UISupportedInterfaceOrientations_iPhone = "UIInterfaceOrientationPortrait UIInterfaceOrientationLandscapeLeft UIInterfaceOrientationLandscapeRight";
				LD_RUNPATH_SEARCH_PATHS = (
					"$(inherited)",
					"@executable_path/Frameworks",
				);
				MARKETING_VERSION = 1.0;
				PRODUCT_BUNDLE_IDENTIFIER = rrdev.ExploreCare;
				PRODUCT_NAME = "$(TARGET_NAME)";
				PROVISIONING_PROFILE_SPECIFIER = "";
				SWIFT_EMIT_LOC_STRINGS = YES;
				SWIFT_VERSION = 5.0;
				TARGETED_DEVICE_FAMILY = "1,2";
			};
			name = Release;
		};
		0186D11B287FC2C0006540C1 /* Debug */ = {
			isa = XCBuildConfiguration;
			buildSettings = {
				ALWAYS_EMBED_SWIFT_STANDARD_LIBRARIES = YES;
				ASSETCATALOG_COMPILER_APPICON_NAME = exploreCareIcon;
				ASSETCATALOG_COMPILER_GLOBAL_ACCENT_COLOR_NAME = AccentColor;
				ASSETCATALOG_COMPILER_INCLUDE_ALL_APPICON_ASSETS = NO;
				CODE_SIGN_IDENTITY = "Apple Development";
				CODE_SIGN_STYLE = Automatic;
				CURRENT_PROJECT_VERSION = 2;
				DEVELOPMENT_TEAM = DA8L68M7F2;
				GENERATE_INFOPLIST_FILE = YES;
				IBSC_MODULE = ExploreCareW_WatchKit_Extension;
				INFOPLIST_KEY_UISupportedInterfaceOrientations = "UIInterfaceOrientationPortrait UIInterfaceOrientationPortraitUpsideDown";
				INFOPLIST_KEY_WKCompanionAppBundleIdentifier = rrdev.ExploreCare;
				MARKETING_VERSION = 1.0;
				PRODUCT_BUNDLE_IDENTIFIER = rrdev.ExploreCare.watchkitapp;
				PRODUCT_NAME = ExploreCare;
				SDKROOT = watchos;
				SKIP_INSTALL = YES;
				SWIFT_EMIT_LOC_STRINGS = YES;
				SWIFT_VERSION = 5.0;
				TARGETED_DEVICE_FAMILY = 4;
				WATCHOS_DEPLOYMENT_TARGET = 8.5;
			};
			name = Debug;
		};
		0186D11C287FC2C0006540C1 /* Release */ = {
			isa = XCBuildConfiguration;
			buildSettings = {
				ALWAYS_EMBED_SWIFT_STANDARD_LIBRARIES = YES;
				ASSETCATALOG_COMPILER_APPICON_NAME = exploreCareIcon;
				ASSETCATALOG_COMPILER_GLOBAL_ACCENT_COLOR_NAME = AccentColor;
				ASSETCATALOG_COMPILER_INCLUDE_ALL_APPICON_ASSETS = NO;
				CODE_SIGN_IDENTITY = "Apple Development";
				CODE_SIGN_STYLE = Automatic;
				CURRENT_PROJECT_VERSION = 2;
				DEVELOPMENT_TEAM = DA8L68M7F2;
				GENERATE_INFOPLIST_FILE = YES;
				IBSC_MODULE = ExploreCareW_WatchKit_Extension;
				INFOPLIST_KEY_UISupportedInterfaceOrientations = "UIInterfaceOrientationPortrait UIInterfaceOrientationPortraitUpsideDown";
				INFOPLIST_KEY_WKCompanionAppBundleIdentifier = rrdev.ExploreCare;
				MARKETING_VERSION = 1.0;
				PRODUCT_BUNDLE_IDENTIFIER = rrdev.ExploreCare.watchkitapp;
				PRODUCT_NAME = ExploreCare;
				SDKROOT = watchos;
				SKIP_INSTALL = YES;
				SWIFT_EMIT_LOC_STRINGS = YES;
				SWIFT_VERSION = 5.0;
				TARGETED_DEVICE_FAMILY = 4;
				WATCHOS_DEPLOYMENT_TARGET = 8.5;
			};
			name = Release;
		};
		0186D11E287FC2C0006540C1 /* Debug */ = {
			isa = XCBuildConfiguration;
			buildSettings = {
				ASSETCATALOG_COMPILER_COMPLICATION_NAME = Complication;
				CODE_SIGN_STYLE = Automatic;
				CURRENT_PROJECT_VERSION = 2;
				DEVELOPMENT_ASSET_PATHS = "\"ExploreCareW WatchKit Extension/SupportingFiles/Preview Content\"";
				DEVELOPMENT_TEAM = DA8L68M7F2;
				ENABLE_PREVIEWS = YES;
				GENERATE_INFOPLIST_FILE = YES;
				INFOPLIST_FILE = "ExploreCareW WatchKit Extension/SupportingFiles/Info.plist";
				INFOPLIST_KEY_CFBundleDisplayName = "ExploreCareW WatchKit Extension";
				INFOPLIST_KEY_CLKComplicationPrincipalClass = ExploreCareW_WatchKit_Extension.ComplicationController;
				INFOPLIST_KEY_NSCameraUsageDescription = "App requires access to your camera to allow you to take a photo of your ID to process your request";
				INFOPLIST_KEY_NSHumanReadableCopyright = "";
				LD_RUNPATH_SEARCH_PATHS = (
					"$(inherited)",
					"@executable_path/Frameworks",
					"@executable_path/../../Frameworks",
				);
				MARKETING_VERSION = 1.0;
				PRODUCT_BUNDLE_IDENTIFIER = rrdev.ExploreCare.watchkitapp.watchkitextension;
				PRODUCT_NAME = "${TARGET_NAME}";
				SDKROOT = watchos;
				SKIP_INSTALL = YES;
				SWIFT_EMIT_LOC_STRINGS = YES;
				SWIFT_VERSION = 5.0;
				TARGETED_DEVICE_FAMILY = 4;
				WATCHOS_DEPLOYMENT_TARGET = 8.5;
			};
			name = Debug;
		};
		0186D11F287FC2C0006540C1 /* Release */ = {
			isa = XCBuildConfiguration;
			buildSettings = {
				ASSETCATALOG_COMPILER_COMPLICATION_NAME = Complication;
				CODE_SIGN_STYLE = Automatic;
				CURRENT_PROJECT_VERSION = 2;
				DEVELOPMENT_ASSET_PATHS = "\"ExploreCareW WatchKit Extension/SupportingFiles/Preview Content\"";
				DEVELOPMENT_TEAM = DA8L68M7F2;
				ENABLE_PREVIEWS = YES;
				GENERATE_INFOPLIST_FILE = YES;
				INFOPLIST_FILE = "ExploreCareW WatchKit Extension/SupportingFiles/Info.plist";
				INFOPLIST_KEY_CFBundleDisplayName = "ExploreCareW WatchKit Extension";
				INFOPLIST_KEY_CLKComplicationPrincipalClass = ExploreCareW_WatchKit_Extension.ComplicationController;
				INFOPLIST_KEY_NSCameraUsageDescription = "App requires access to your camera to allow you to take a photo of your ID to process your request";
				INFOPLIST_KEY_NSHumanReadableCopyright = "";
				LD_RUNPATH_SEARCH_PATHS = (
					"$(inherited)",
					"@executable_path/Frameworks",
					"@executable_path/../../Frameworks",
				);
				MARKETING_VERSION = 1.0;
				PRODUCT_BUNDLE_IDENTIFIER = rrdev.ExploreCare.watchkitapp.watchkitextension;
				PRODUCT_NAME = "${TARGET_NAME}";
				SDKROOT = watchos;
				SKIP_INSTALL = YES;
				SWIFT_EMIT_LOC_STRINGS = YES;
				SWIFT_VERSION = 5.0;
				TARGETED_DEVICE_FAMILY = 4;
				WATCHOS_DEPLOYMENT_TARGET = 8.5;
			};
			name = Release;
		};
/* End XCBuildConfiguration section */

/* Begin XCConfigurationList section */
		01554D2B28617159008AEA27 /* Build configuration list for PBXProject "ExploreCare" */ = {
			isa = XCConfigurationList;
			buildConfigurations = (
				01554D422861715A008AEA27 /* Debug */,
				01554D432861715A008AEA27 /* Release */,
			);
			defaultConfigurationIsVisible = 0;
			defaultConfigurationName = Release;
		};
		01554D442861715A008AEA27 /* Build configuration list for PBXNativeTarget "ExploreCare" */ = {
			isa = XCConfigurationList;
			buildConfigurations = (
				01554D452861715A008AEA27 /* Debug */,
				01554D462861715A008AEA27 /* Release */,
			);
			defaultConfigurationIsVisible = 0;
			defaultConfigurationName = Release;
		};
		0186D120287FC2C0006540C1 /* Build configuration list for PBXNativeTarget "ExploreCareW WatchKit Extension" */ = {
			isa = XCConfigurationList;
			buildConfigurations = (
				0186D11E287FC2C0006540C1 /* Debug */,
				0186D11F287FC2C0006540C1 /* Release */,
			);
			defaultConfigurationIsVisible = 0;
			defaultConfigurationName = Release;
		};
		0186D121287FC2C0006540C1 /* Build configuration list for PBXNativeTarget "ExploreCareW" */ = {
			isa = XCConfigurationList;
			buildConfigurations = (
				0186D11B287FC2C0006540C1 /* Debug */,
				0186D11C287FC2C0006540C1 /* Release */,
			);
			defaultConfigurationIsVisible = 0;
			defaultConfigurationName = Release;
		};
/* End XCConfigurationList section */
	};
	rootObject = 01554D2828617159008AEA27 /* Project object */;
}
